
Microsoft Visual Studio Solution File, Format Version 12.00
# Visual Studio Version 17
VisualStudioVersion = 17.4.33122.133
MinimumVisualStudioVersion = 10.0.40219.1
Project("{FAE04EC0-301F-11D3-BF4B-00C04F79EFBC}") = "DevoirAPI_JeuxVideo", "DevoirAPI_JeuxVideo\DevoirAPI_JeuxVideo.csproj", "{F2269C27-A522-4D95-984F-C710CF77973C}"
EndProject
Project("{FAE04EC0-301F-11D3-BF4B-00C04F79EFBC}") = "DevoirAPI.EF", "DevoirAPI.EF\DevoirAPI.EF.csproj", "{7DFCFD93-F3CE-48D3-9AB1-C9F4D3625F33}"
EndProject
Project("{FAE04EC0-301F-11D3-BF4B-00C04F79EFBC}") = "DevoirAPI.Models", "DevoirAPI.Models\DevoirAPI.Models.csproj", "{42CEC6BE-476B-42DD-9613-B52C05413828}"
EndProject
Project("{FAE04EC0-301F-11D3-BF4B-00C04F79EFBC}") = "DevoirApi.Entities", "DevoirApi.Entities\DevoirApi.Entities.csproj", "{2B3D52F0-52E7-47D4-BB5F-0E3FAD1FF935}"
EndProject
Project("{FAE04EC0-301F-11D3-BF4B-00C04F79EFBC}") = "DevoirApi.Repositories", "DevoirApi.Repositories\DevoirApi.Repositories.csproj", "{CBE02EFD-5247-44D2-8734-1A82442CF23C}"
EndProject
Global
	GlobalSection(SolutionConfigurationPlatforms) = preSolution
		Debug|Any CPU = Debug|Any CPU
		Release|Any CPU = Release|Any CPU
	EndGlobalSection
	GlobalSection(ProjectConfigurationPlatforms) = postSolution
		{F2269C27-A522-4D95-984F-C710CF77973C}.Debug|Any CPU.ActiveCfg = Debug|Any CPU
		{F2269C27-A522-4D95-984F-C710CF77973C}.Debug|Any CPU.Build.0 = Debug|Any CPU
		{F2269C27-A522-4D95-984F-C710CF77973C}.Release|Any CPU.ActiveCfg = Release|Any CPU
		{F2269C27-A522-4D95-984F-C710CF77973C}.Release|Any CPU.Build.0 = Release|Any CPU
		{7DFCFD93-F3CE-48D3-9AB1-C9F4D3625F33}.Debug|Any CPU.ActiveCfg = Debug|Any CPU
		{7DFCFD93-F3CE-48D3-9AB1-C9F4D3625F33}.Debug|Any CPU.Build.0 = Debug|Any CPU
		{7DFCFD93-F3CE-48D3-9AB1-C9F4D3625F33}.Release|Any CPU.ActiveCfg = Release|Any CPU
		{7DFCFD93-F3CE-48D3-9AB1-C9F4D3625F33}.Release|Any CPU.Build.0 = Release|Any CPU
		{42CEC6BE-476B-42DD-9613-B52C05413828}.Debug|Any CPU.ActiveCfg = Debug|Any CPU
		{42CEC6BE-476B-42DD-9613-B52C05413828}.Debug|Any CPU.Build.0 = Debug|Any CPU
		{42CEC6BE-476B-42DD-9613-B52C05413828}.Release|Any CPU.ActiveCfg = Release|Any CPU
		{42CEC6BE-476B-42DD-9613-B52C05413828}.Release|Any CPU.Build.0 = Release|Any CPU
		{2B3D52F0-52E7-47D4-BB5F-0E3FAD1FF935}.Debug|Any CPU.ActiveCfg = Debug|Any CPU
		{2B3D52F0-52E7-47D4-BB5F-0E3FAD1FF935}.Debug|Any CPU.Build.0 = Debug|Any CPU
		{2B3D52F0-52E7-47D4-BB5F-0E3FAD1FF935}.Release|Any CPU.ActiveCfg = Release|Any CPU
		{2B3D52F0-52E7-47D4-BB5F-0E3FAD1FF935}.Release|Any CPU.Build.0 = Release|Any CPU
		{CBE02EFD-5247-44D2-8734-1A82442CF23C}.Debug|Any CPU.ActiveCfg = Debug|Any CPU
		{CBE02EFD-5247-44D2-8734-1A82442CF23C}.Debug|Any CPU.Build.0 = Debug|Any CPU
		{CBE02EFD-5247-44D2-8734-1A82442CF23C}.Release|Any CPU.ActiveCfg = Release|Any CPU
		{CBE02EFD-5247-44D2-8734-1A82442CF23C}.Release|Any CPU.Build.0 = Release|Any CPU
	EndGlobalSection
	GlobalSection(SolutionProperties) = preSolution
		HideSolutionNode = FALSE
	EndGlobalSection
	GlobalSection(ExtensibilityGlobals) = postSolution
		SolutionGuid = {5482C16B-6A34-47C8-992B-ACAB0B61F211}
	EndGlobalSection
EndGlobal
